
Microsoft Visual Studio Solution File, Format Version 12.00
# Visual Studio Version 16
VisualStudioVersion = 16.0.30011.22
MinimumVisualStudioVersion = 10.0.40219.1
Project("{FAE04EC0-301F-11D3-BF4B-00C04F79EFBC}") = "ME.AccntRedis", "ME.AccntRedis\ME.AccntRedis.csproj", "{FC165DE1-3564-4C26-9546-5785FA46D765}"
EndProject
Global
	GlobalSection(SolutionConfigurationPlatforms) = preSolution
		Debug|Any CPU = Debug|Any CPU
		Release|Any CPU = Release|Any CPU
	EndGlobalSection
	GlobalSection(ProjectConfigurationPlatforms) = postSolution
		{FC165DE1-3564-4C26-9546-5785FA46D765}.Debug|Any CPU.ActiveCfg = Debug|Any CPU
		{FC165DE1-3564-4C26-9546-5785FA46D765}.Debug|Any CPU.Build.0 = Debug|Any CPU
		{FC165DE1-3564-4C26-9546-5785FA46D765}.Release|Any CPU.ActiveCfg = Release|Any CPU
		{FC165DE1-3564-4C26-9546-5785FA46D765}.Release|Any CPU.Build.0 = Release|Any CPU
	EndGlobalSection
	GlobalSection(SolutionProperties) = preSolution
		HideSolutionNode = FALSE
	EndGlobalSection
	GlobalSection(ExtensibilityGlobals) = postSolution
		SolutionGuid = {C5BA26E0-D22B-48F4-AE4C-B4568CB858C7}
	EndGlobalSection
EndGlobal
